// !$*UTF8*$!
{
	archiveVersion = 1;
	classes = {
	};
	objectVersion = 46;
	objects = {

/* Begin PBXBuildFile section */
		D9C88FA71EB9DEB4000C9E5D /* AppDelegate.swift in Sources */ = {isa = PBXBuildFile; fileRef = D9C88FA61EB9DEB4000C9E5D /* AppDelegate.swift */; };
		D9C88FA91EB9DEB4000C9E5D /* ViewController.swift in Sources */ = {isa = PBXBuildFile; fileRef = D9C88FA81EB9DEB4000C9E5D /* ViewController.swift */; };
		D9C88FAC1EB9DEB4000C9E5D /* Main.storyboard in Resources */ = {isa = PBXBuildFile; fileRef = D9C88FAA1EB9DEB4000C9E5D /* Main.storyboard */; };
		D9C88FAE1EB9DEB4000C9E5D /* Assets.xcassets in Resources */ = {isa = PBXBuildFile; fileRef = D9C88FAD1EB9DEB4000C9E5D /* Assets.xcassets */; };
		D9C88FB11EB9DEB4000C9E5D /* LaunchScreen.storyboard in Resources */ = {isa = PBXBuildFile; fileRef = D9C88FAF1EB9DEB4000C9E5D /* LaunchScreen.storyboard */; };
		D9C88FBC1EB9DEB4000C9E5D /* HeaderHoverTests.swift in Sources */ = {isa = PBXBuildFile; fileRef = D9C88FBB1EB9DEB4000C9E5D /* HeaderHoverTests.swift */; };
		D9C88FC71EB9DEB4000C9E5D /* HeaderHoverUITests.swift in Sources */ = {isa = PBXBuildFile; fileRef = D9C88FC61EB9DEB4000C9E5D /* HeaderHoverUITests.swift */; };
/* End PBXBuildFile section */

/* Begin PBXContainerItemProxy section */
		D9C88FB81EB9DEB4000C9E5D /* PBXContainerItemProxy */ = {
			isa = PBXContainerItemProxy;
			containerPortal = D9C88F9B1EB9DEB4000C9E5D /* Project object */;
			proxyType = 1;
			remoteGlobalIDString = D9C88FA21EB9DEB4000C9E5D;
			remoteInfo = HeaderHover;
		};
		D9C88FC31EB9DEB4000C9E5D /* PBXContainerItemProxy */ = {
			isa = PBXContainerItemProxy;
			containerPortal = D9C88F9B1EB9DEB4000C9E5D /* Project object */;
			proxyType = 1;
			remoteGlobalIDString = D9C88FA21EB9DEB4000C9E5D;
			remoteInfo = HeaderHover;
		};
/* End PBXContainerItemProxy section */

/* Begin PBXFileReference section */
		D9C88FA31EB9DEB4000C9E5D /* HeaderHover.app */ = {isa = PBXFileReference; explicitFileType = wrapper.application; includeInIndex = 0; path = HeaderHover.app; sourceTree = BUILT_PRODUCTS_DIR; };
		D9C88FA61EB9DEB4000C9E5D /* AppDelegate.swift */ = {isa = PBXFileReference; lastKnownFileType = sourcecode.swift; path = AppDelegate.swift; sourceTree = "<group>"; };
		D9C88FA81EB9DEB4000C9E5D /* ViewController.swift */ = {isa = PBXFileReference; lastKnownFileType = sourcecode.swift; path = ViewController.swift; sourceTree = "<group>"; };
		D9C88FAB1EB9DEB4000C9E5D /* Base */ = {isa = PBXFileReference; lastKnownFileType = file.storyboard; name = Base; path = Base.lproj/Main.storyboard; sourceTree = "<group>"; };
		D9C88FAD1EB9DEB4000C9E5D /* Assets.xcassets */ = {isa = PBXFileReference; lastKnownFileType = folder.assetcatalog; path = Assets.xcassets; sourceTree = "<group>"; };
		D9C88FB01EB9DEB4000C9E5D /* Base */ = {isa = PBXFileReference; lastKnownFileType = file.storyboard; name = Base; path = Base.lproj/LaunchScreen.storyboard; sourceTree = "<group>"; };
		D9C88FB21EB9DEB4000C9E5D /* Info.plist */ = {isa = PBXFileReference; lastKnownFileType = text.plist.xml; path = Info.plist; sourceTree = "<group>"; };
		D9C88FB71EB9DEB4000C9E5D /* HeaderHoverTests.xctest */ = {isa = PBXFileReference; explicitFileType = wrapper.cfbundle; includeInIndex = 0; path = HeaderHoverTests.xctest; sourceTree = BUILT_PRODUCTS_DIR; };
		D9C88FBB1EB9DEB4000C9E5D /* HeaderHoverTests.swift */ = {isa = PBXFileReference; lastKnownFileType = sourcecode.swift; path = HeaderHoverTests.swift; sourceTree = "<group>"; };
		D9C88FBD1EB9DEB4000C9E5D /* Info.plist */ = {isa = PBXFileReference; lastKnownFileType = text.plist.xml; path = Info.plist; sourceTree = "<group>"; };
		D9C88FC21EB9DEB4000C9E5D /* HeaderHoverUITests.xctest */ = {isa = PBXFileReference; explicitFileType = wrapper.cfbundle; includeInIndex = 0; path = HeaderHoverUITests.xctest; sourceTree = BUILT_PRODUCTS_DIR; };
		D9C88FC61EB9DEB4000C9E5D /* HeaderHoverUITests.swift */ = {isa = PBXFileReference; lastKnownFileType = sourcecode.swift; path = HeaderHoverUITests.swift; sourceTree = "<group>"; };
		D9C88FC81EB9DEB4000C9E5D /* Info.plist */ = {isa = PBXFileReference; lastKnownFileType = text.plist.xml; path = Info.plist; sourceTree = "<group>"; };
/* End PBXFileReference section */

/* Begin PBXFrameworksBuildPhase section */
		D9C88FA01EB9DEB4000C9E5D /* Frameworks */ = {
			isa = PBXFrameworksBuildPhase;
			buildActionMask = 2147483647;
			files = (
			);
			runOnlyForDeploymentPostprocessing = 0;
		};
		D9C88FB41EB9DEB4000C9E5D /* Frameworks */ = {
			isa = PBXFrameworksBuildPhase;
			buildActionMask = 2147483647;
			files = (
			);
			runOnlyForDeploymentPostprocessing = 0;
		};
		D9C88FBF1EB9DEB4000C9E5D /* Frameworks */ = {
			isa = PBXFrameworksBuildPhase;
			buildActionMask = 2147483647;
			files = (
			);
			runOnlyForDeploymentPostprocessing = 0;
		};
/* End PBXFrameworksBuildPhase section */

/* Begin PBXGroup section */
		D9C88F9A1EB9DEB4000C9E5D = {
			isa = PBXGroup;
			children = (
				D9C88FA51EB9DEB4000C9E5D /* HeaderHover */,
				D9C88FBA1EB9DEB4000C9E5D /* HeaderHoverTests */,
				D9C88FC51EB9DEB4000C9E5D /* HeaderHoverUITests */,
				D9C88FA41EB9DEB4000C9E5D /* Products */,
			);
			sourceTree = "<group>";
		};
		D9C88FA41EB9DEB4000C9E5D /* Products */ = {
			isa = PBXGroup;
			children = (
				D9C88FA31EB9DEB4000C9E5D /* HeaderHover.app */,
				D9C88FB71EB9DEB4000C9E5D /* HeaderHoverTests.xctest */,
				D9C88FC21EB9DEB4000C9E5D /* HeaderHoverUITests.xctest */,
			);
			name = Products;
			sourceTree = "<group>";
		};
		D9C88FA51EB9DEB4000C9E5D /* HeaderHover */ = {
			isa = PBXGroup;
			children = (
				D9C88FA61EB9DEB4000C9E5D /* AppDelegate.swift */,
				D9C88FA81EB9DEB4000C9E5D /* ViewController.swift */,
				D9C88FAA1EB9DEB4000C9E5D /* Main.storyboard */,
				D9C88FAD1EB9DEB4000C9E5D /* Assets.xcassets */,
				D9C88FAF1EB9DEB4000C9E5D /* LaunchScreen.storyboard */,
				D9C88FB21EB9DEB4000C9E5D /* Info.plist */,
			);
			path = HeaderHover;
			sourceTree = "<group>";
		};
		D9C88FBA1EB9DEB4000C9E5D /* HeaderHoverTests */ = {
			isa = PBXGroup;
			children = (
				D9C88FBB1EB9DEB4000C9E5D /* HeaderHoverTests.swift */,
				D9C88FBD1EB9DEB4000C9E5D /* Info.plist */,
			);
			path = HeaderHoverTests;
			sourceTree = "<group>";
		};
		D9C88FC51EB9DEB4000C9E5D /* HeaderHoverUITests */ = {
			isa = PBXGroup;
			children = (
				D9C88FC61EB9DEB4000C9E5D /* HeaderHoverUITests.swift */,
				D9C88FC81EB9DEB4000C9E5D /* Info.plist */,
			);
			path = HeaderHoverUITests;
			sourceTree = "<group>";
		};
/* End PBXGroup section */

/* Begin PBXNativeTarget section */
		D9C88FA21EB9DEB4000C9E5D /* HeaderHover */ = {
			isa = PBXNativeTarget;
			buildConfigurationList = D9C88FCB1EB9DEB4000C9E5D /* Build configuration list for PBXNativeTarget "HeaderHover" */;
			buildPhases = (
				D9C88F9F1EB9DEB4000C9E5D /* Sources */,
				D9C88FA01EB9DEB4000C9E5D /* Frameworks */,
				D9C88FA11EB9DEB4000C9E5D /* Resources */,
			);
			buildRules = (
			);
			dependencies = (
			);
			name = HeaderHover;
			productName = HeaderHover;
			productReference = D9C88FA31EB9DEB4000C9E5D /* HeaderHover.app */;
			productType = "com.apple.product-type.application";
		};
		D9C88FB61EB9DEB4000C9E5D /* HeaderHoverTests */ = {
			isa = PBXNativeTarget;
			buildConfigurationList = D9C88FCE1EB9DEB4000C9E5D /* Build configuration list for PBXNativeTarget "HeaderHoverTests" */;
			buildPhases = (
				D9C88FB31EB9DEB4000C9E5D /* Sources */,
				D9C88FB41EB9DEB4000C9E5D /* Frameworks */,
				D9C88FB51EB9DEB4000C9E5D /* Resources */,
			);
			buildRules = (
			);
			dependencies = (
				D9C88FB91EB9DEB4000C9E5D /* PBXTargetDependency */,
			);
			name = HeaderHoverTests;
			productName = HeaderHoverTests;
			productReference = D9C88FB71EB9DEB4000C9E5D /* HeaderHoverTests.xctest */;
			productType = "com.apple.product-type.bundle.unit-test";
		};
		D9C88FC11EB9DEB4000C9E5D /* HeaderHoverUITests */ = {
			isa = PBXNativeTarget;
			buildConfigurationList = D9C88FD11EB9DEB4000C9E5D /* Build configuration list for PBXNativeTarget "HeaderHoverUITests" */;
			buildPhases = (
				D9C88FBE1EB9DEB4000C9E5D /* Sources */,
				D9C88FBF1EB9DEB4000C9E5D /* Frameworks */,
				D9C88FC01EB9DEB4000C9E5D /* Resources */,
			);
			buildRules = (
			);
			dependencies = (
				D9C88FC41EB9DEB4000C9E5D /* PBXTargetDependency */,
			);
			name = HeaderHoverUITests;
			productName = HeaderHoverUITests;
			productReference = D9C88FC21EB9DEB4000C9E5D /* HeaderHoverUITests.xctest */;
			productType = "com.apple.product-type.bundle.ui-testing";
		};
/* End PBXNativeTarget section */

/* Begin PBXProject section */
		D9C88F9B1EB9DEB4000C9E5D /* Project object */ = {
			isa = PBXProject;
			attributes = {
				LastSwiftUpdateCheck = 0830;
				LastUpgradeCheck = 0830;
				ORGANIZATIONNAME = "zhi zhou";
				TargetAttributes = {
					D9C88FA21EB9DEB4000C9E5D = {
						CreatedOnToolsVersion = 8.3.2;
						DevelopmentTeam = 4UH48N8U4B;
						ProvisioningStyle = Automatic;
					};
					D9C88FB61EB9DEB4000C9E5D = {
						CreatedOnToolsVersion = 8.3.2;
						DevelopmentTeam = 4UH48N8U4B;
						ProvisioningStyle = Automatic;
						TestTargetID = D9C88FA21EB9DEB4000C9E5D;
					};
					D9C88FC11EB9DEB4000C9E5D = {
						CreatedOnToolsVersion = 8.3.2;
						DevelopmentTeam = 4UH48N8U4B;
						ProvisioningStyle = Automatic;
						TestTargetID = D9C88FA21EB9DEB4000C9E5D;
					};
				};
			};
			buildConfigurationList = D9C88F9E1EB9DEB4000C9E5D /* Build configuration list for PBXProject "HeaderHover" */;
			compatibilityVersion = "Xcode 3.2";
			developmentRegion = English;
			hasScannedForEncodings = 0;
			knownRegions = (
				en,
				Base,
			);
			mainGroup = D9C88F9A1EB9DEB4000C9E5D;
			productRefGroup = D9C88FA41EB9DEB4000C9E5D /* Products */;
			projectDirPath = "";
			projectRoot = "";
			targets = (
				D9C88FA21EB9DEB4000C9E5D /* HeaderHover */,
				D9C88FB61EB9DEB4000C9E5D /* HeaderHoverTests */,
				D9C88FC11EB9DEB4000C9E5D /* HeaderHoverUITests */,
			);
		};
/* End PBXProject section */

/* Begin PBXResourcesBuildPhase section */
		D9C88FA11EB9DEB4000C9E5D /* Resources */ = {
			isa = PBXResourcesBuildPhase;
			buildActionMask = 2147483647;
			files = (
				D9C88FB11EB9DEB4000C9E5D /* LaunchScreen.storyboard in Resources */,
				D9C88FAE1EB9DEB4000C9E5D /* Assets.xcassets in Resources */,
				D9C88FAC1EB9DEB4000C9E5D /* Main.storyboard in Resources */,
			);
			runOnlyForDeploymentPostprocessing = 0;
		};
		D9C88FB51EB9DEB4000C9E5D /* Resources */ = {
			isa = PBXResourcesBuildPhase;
			buildActionMask = 2147483647;
			files = (
			);
			runOnlyForDeploymentPostprocessing = 0;
		};
		D9C88FC01EB9DEB4000C9E5D /* Resources */ = {
			isa = PBXResourcesBuildPhase;
			buildActionMask = 2147483647;
			files = (
			);
			runOnlyForDeploymentPostprocessing = 0;
		};
/* End PBXResourcesBuildPhase section */

/* Begin PBXSourcesBuildPhase section */
		D9C88F9F1EB9DEB4000C9E5D /* Sources */ = {
			isa = PBXSourcesBuildPhase;
			buildActionMask = 2147483647;
			files = (
				D9C88FA91EB9DEB4000C9E5D /* ViewController.swift in Sources */,
				D9C88FA71EB9DEB4000C9E5D /* AppDelegate.swift in Sources */,
			);
			runOnlyForDeploymentPostprocessing = 0;
		};
		D9C88FB31EB9DEB4000C9E5D /* Sources */ = {
			isa = PBXSourcesBuildPhase;
			buildActionMask = 2147483647;
			files = (
				D9C88FBC1EB9DEB4000C9E5D /* HeaderHoverTests.swift in Sources */,
			);
			runOnlyForDeploymentPostprocessing = 0;
		};
		D9C88FBE1EB9DEB4000C9E5D /* Sources */ = {
			isa = PBXSourcesBuildPhase;
			buildActionMask = 2147483647;
			files = (
				D9C88FC71EB9DEB4000C9E5D /* HeaderHoverUITests.swift in Sources */,
			);
			runOnlyForDeploymentPostprocessing = 0;
		};
/* End PBXSourcesBuildPhase section */

/* Begin PBXTargetDependency section */
		D9C88FB91EB9DEB4000C9E5D /* PBXTargetDependency */ = {
			isa = PBXTargetDependency;
			target = D9C88FA21EB9DEB4000C9E5D /* HeaderHover */;
			targetProxy = D9C88FB81EB9DEB4000C9E5D /* PBXContainerItemProxy */;
		};
		D9C88FC41EB9DEB4000C9E5D /* PBXTargetDependency */ = {
			isa = PBXTargetDependency;
			target = D9C88FA21EB9DEB4000C9E5D /* HeaderHover */;
			targetProxy = D9C88FC31EB9DEB4000C9E5D /* PBXContainerItemProxy */;
		};
/* End PBXTargetDependency section */

/* Begin PBXVariantGroup section */
		D9C88FAA1EB9DEB4000C9E5D /* Main.storyboard */ = {
			isa = PBXVariantGroup;
			children = (
				D9C88FAB1EB9DEB4000C9E5D /* Base */,
			);
			name = Main.storyboard;
			sourceTree = "<group>";
		};
		D9C88FAF1EB9DEB4000C9E5D /* LaunchScreen.storyboard */ = {
			isa = PBXVariantGroup;
			children = (
				D9C88FB01EB9DEB4000C9E5D /* Base */,
			);
			name = LaunchScreen.storyboard;
			sourceTree = "<group>";
		};
/* End PBXVariantGroup section */

/* Begin XCBuildConfiguration section */
		D9C88FC91EB9DEB4000C9E5D /* Debug */ = {
			isa = XCBuildConfiguration;
			buildSettings = {
				ALWAYS_SEARCH_USER_PATHS = NO;
				CLANG_ANALYZER_NONNULL = YES;
				CLANG_ANALYZER_NUMBER_OBJECT_CONVERSION = YES_AGGRESSIVE;
				CLANG_CXX_LANGUAGE_STANDARD = "gnu++0x";
				CLANG_CXX_LIBRARY = "libc++";
				CLANG_ENABLE_MODULES = YES;
				CLANG_ENABLE_OBJC_ARC = YES;
				CLANG_WARN_BOOL_CONVERSION = YES;
				CLANG_WARN_CONSTANT_CONVERSION = YES;
				CLANG_WARN_DIRECT_OBJC_ISA_USAGE = YES_ERROR;
				CLANG_WARN_DOCUMENTATION_COMMENTS = YES;
				CLANG_WARN_EMPTY_BODY = YES;
				CLANG_WARN_ENUM_CONVERSION = YES;
				CLANG_WARN_INFINITE_RECURSION = YES;
				CLANG_WARN_INT_CONVERSION = YES;
				CLANG_WARN_OBJC_ROOT_CLASS = YES_ERROR;
				CLANG_WARN_SUSPICIOUS_MOVE = YES;
				CLANG_WARN_UNREACHABLE_CODE = YES;
				CLANG_WARN__DUPLICATE_METHOD_MATCH = YES;
				"CODE_SIGN_IDENTITY[sdk=iphoneos*]" = "iPhone Developer";
				COPY_PHASE_STRIP = NO;
				DEBUG_INFORMATION_FORMAT = dwarf;
				ENABLE_STRICT_OBJC_MSGSEND = YES;
				ENABLE_TESTABILITY = YES;
				GCC_C_LANGUAGE_STANDARD = gnu99;
				GCC_DYNAMIC_NO_PIC = NO;
				GCC_NO_COMMON_BLOCKS = YES;
				GCC_OPTIMIZATION_LEVEL = 0;
				GCC_PREPROCESSOR_DEFINITIONS = (
					"DEBUG=1",
					"$(inherited)",
				);
				GCC_WARN_64_TO_32_BIT_CONVERSION = YES;
				GCC_WARN_ABOUT_RETURN_TYPE = YES_ERROR;
				GCC_WARN_UNDECLARED_SELECTOR = YES;
				GCC_WARN_UNINITIALIZED_AUTOS = YES_AGGRESSIVE;
				GCC_WARN_UNUSED_FUNCTION = YES;
				GCC_WARN_UNUSED_VARIABLE = YES;
				IPHONEOS_DEPLOYMENT_TARGET = 10.0;
				MTL_ENABLE_DEBUG_INFO = YES;
				ONLY_ACTIVE_ARCH = YES;
				SDKROOT = iphoneos;
				SWIFT_ACTIVE_COMPILATION_CONDITIONS = DEBUG;
				SWIFT_OPTIMIZATION_LEVEL = "-Onone";
			};
			name = Debug;
		};
		D9C88FCA1EB9DEB4000C9E5D /* Release */ = {
			isa = XCBuildConfiguration;
			buildSettings = {
				ALWAYS_SEARCH_USER_PATHS = NO;
				CLANG_ANALYZER_NONNULL = YES;
				CLANG_ANALYZER_NUMBER_OBJECT_CONVERSION = YES_AGGRESSIVE;
				CLANG_CXX_LANGUAGE_STANDARD = "gnu++0x";
				CLANG_CXX_LIBRARY = "libc++";
				CLANG_ENABLE_MODULES = YES;
				CLANG_ENABLE_OBJC_ARC = YES;
				CLANG_WARN_BOOL_CONVERSION = YES;
				CLANG_WARN_CONSTANT_CONVERSION = YES;
				CLANG_WARN_DIRECT_OBJC_ISA_USAGE = YES_ERROR;
				CLANG_WARN_DOCUMENTATION_COMMENTS = YES;
				CLANG_WARN_EMPTY_BODY = YES;
				CLANG_WARN_ENUM_CONVERSION = YES;
				CLANG_WARN_INFINITE_RECURSION = YES;
				CLANG_WARN_INT_CONVERSION = YES;
				CLANG_WARN_OBJC_ROOT_CLASS = YES_ERROR;
				CLANG_WARN_SUSPICIOUS_MOVE = YES;
				CLANG_WARN_UNREACHABLE_CODE = YES;
				CLANG_WARN__DUPLICATE_METHOD_MATCH = YES;
				"CODE_SIGN_IDENTITY[sdk=iphoneos*]" = "iPhone Developer";
				COPY_PHASE_STRIP = NO;
				DEBUG_INFORMATION_FORMAT = "dwarf-with-dsym";
				ENABLE_NS_ASSERTIONS = NO;
				ENABLE_STRICT_OBJC_MSGSEND = YES;
				GCC_C_LANGUAGE_STANDARD = gnu99;
				GCC_NO_COMMON_BLOCKS = YES;
				GCC_WARN_64_TO_32_BIT_CONVERSION = YES;
				GCC_WARN_ABOUT_RETURN_TYPE = YES_ERROR;
				GCC_WARN_UNDECLARED_SELECTOR = YES;
				GCC_WARN_UNINITIALIZED_AUTOS = YES_AGGRESSIVE;
				GCC_WARN_UNUSED_FUNCTION = YES;
				GCC_WARN_UNUSED_VARIABLE = YES;
				IPHONEOS_DEPLOYMENT_TARGET = 10.0;
				MTL_ENABLE_DEBUG_INFO = NO;
				SDKROOT = iphoneos;
				SWIFT_OPTIMIZATION_LEVEL = "-Owholemodule";
				VALIDATE_PRODUCT = YES;
			};
			name = Release;
		};
		D9C88FCC1EB9DEB4000C9E5D /* Debug */ = {
			isa = XCBuildConfiguration;
			buildSettings = {
				ASSETCATALOG_COMPILER_APPICON_NAME = AppIcon;
				DEVELOPMENT_TEAM = 4UH48N8U4B;
				INFOPLIST_FILE = HeaderHover/Info.plist;
				LD_RUNPATH_SEARCH_PATHS = "$(inherited) @executable_path/Frameworks";
				PRODUCT_BUNDLE_IDENTIFIER = com.zhi.HeaderHover;
				PRODUCT_NAME = "$(TARGET_NAME)";
				SWIFT_VERSION = 3.0;
			};
			name = Debug;
		};
		D9C88FCD1EB9DEB4000C9E5D /* Release */ = {
			isa = XCBuildConfiguration;
			buildSettings = {
				ASSETCATALOG_COMPILER_APPICON_NAME = AppIcon;
				DEVELOPMENT_TEAM = 4UH48N8U4B;
				INFOPLIST_FILE = HeaderHover/Info.plist;
				LD_RUNPATH_SEARCH_PATHS = "$(inherited) @executable_path/Frameworks";
				PRODUCT_BUNDLE_IDENTIFIER = com.zhi.HeaderHover;
				PRODUCT_NAME = "$(TARGET_NAME)";
				SWIFT_VERSION = 3.0;
			};
			name = Release;
		};
		D9C88FCF1EB9DEB4000C9E5D /* Debug */ = {
			isa = XCBuildConfiguration;
			buildSettings = {
				ALWAYS_EMBED_SWIFT_STANDARD_LIBRARIES = YES;
				BUNDLE_LOADER = "$(TEST_HOST)";
				DEVELOPMENT_TEAM = 4UH48N8U4B;
				INFOPLIST_FILE = HeaderHoverTests/Info.plist;
				LD_RUNPATH_SEARCH_PATHS = "$(inherited) @executable_path/Frameworks @loader_path/Frameworks";
				PRODUCT_BUNDLE_IDENTIFIER = com.zhi.HeaderHoverTests;
				PRODUCT_NAME = "$(TARGET_NAME)";
				SWIFT_VERSION = 3.0;
				TEST_HOST = "$(BUILT_PRODUCTS_DIR)/HeaderHover.app/HeaderHover";
			};
			name = Debug;
		};
		D9C88FD01EB9DEB4000C9E5D /* Release */ = {
			isa = XCBuildConfiguration;
			buildSettings = {
				ALWAYS_EMBED_SWIFT_STANDARD_LIBRARIES = YES;
				BUNDLE_LOADER = "$(TEST_HOST)";
				DEVELOPMENT_TEAM = 4UH48N8U4B;
				INFOPLIST_FILE = HeaderHoverTests/Info.plist;
				LD_RUNPATH_SEARCH_PATHS = "$(inherited) @executable_path/Frameworks @loader_path/Frameworks";
				PRODUCT_BUNDLE_IDENTIFIER = com.zhi.HeaderHoverTests;
				PRODUCT_NAME = "$(TARGET_NAME)";
				SWIFT_VERSION = 3.0;
				TEST_HOST = "$(BUILT_PRODUCTS_DIR)/HeaderHover.app/HeaderHover";
			};
			name = Release;
		};
		D9C88FD21EB9DEB4000C9E5D /* Debug */ = {
			isa = XCBuildConfiguration;
			buildSettings = {
				ALWAYS_EMBED_SWIFT_STANDARD_LIBRARIES = YES;
				DEVELOPMENT_TEAM = 4UH48N8U4B;
				INFOPLIST_FILE = HeaderHoverUITests/Info.plist;
				LD_RUNPATH_SEARCH_PATHS = "$(inherited) @executable_path/Frameworks @loader_path/Frameworks";
				PRODUCT_BUNDLE_IDENTIFIER = com.zhi.HeaderHoverUITests;
				PRODUCT_NAME = "$(TARGET_NAME)";
				SWIFT_VERSION = 3.0;
				TEST_TARGET_NAME = HeaderHover;
			};
			name = Debug;
		};
		D9C88FD31EB9DEB4000C9E5D /* Release */ = {
			isa = XCBuildConfiguration;
			buildSettings = {
				ALWAYS_EMBED_SWIFT_STANDARD_LIBRARIES = YES;
				DEVELOPMENT_TEAM = 4UH48N8U4B;
				INFOPLIST_FILE = HeaderHoverUITests/Info.plist;
				LD_RUNPATH_SEARCH_PATHS = "$(inherited) @executable_path/Frameworks @loader_path/Frameworks";
				PRODUCT_BUNDLE_IDENTIFIER = com.zhi.HeaderHoverUITests;
				PRODUCT_NAME = "$(TARGET_NAME)";
				SWIFT_VERSION = 3.0;
				TEST_TARGET_NAME = HeaderHover;
			};
			name = Release;
		};
/* End XCBuildConfiguration section */

/* Begin XCConfigurationList section */
		D9C88F9E1EB9DEB4000C9E5D /* Build configuration list for PBXProject "HeaderHover" */ = {
			isa = XCConfigurationList;
			buildConfigurations = (
				D9C88FC91EB9DEB4000C9E5D /* Debug */,
				D9C88FCA1EB9DEB4000C9E5D /* Release */,
			);
			defaultConfigurationIsVisible = 0;
			defaultConfigurationName = Release;
		};
		D9C88FCB1EB9DEB4000C9E5D /* Build configuration list for PBXNativeTarget "HeaderHover" */ = {
			isa = XCConfigurationList;
			buildConfigurations = (
				D9C88FCC1EB9DEB4000C9E5D /* Debug */,
				D9C88FCD1EB9DEB4000C9E5D /* Release */,
			);
			defaultConfigurationIsVisible = 0;
		};
		D9C88FCE1EB9DEB4000C9E5D /* Build configuration list for PBXNativeTarget "HeaderHoverTests" */ = {
			isa = XCConfigurationList;
			buildConfigurations = (
				D9C88FCF1EB9DEB4000C9E5D /* Debug */,
				D9C88FD01EB9DEB4000C9E5D /* Release */,
			);
			defaultConfigurationIsVisible = 0;
		};
		D9C88FD11EB9DEB4000C9E5D /* Build configuration list for PBXNativeTarget "HeaderHoverUITests" */ = {
			isa = XCConfigurationList;
			buildConfigurations = (
				D9C88FD21EB9DEB4000C9E5D /* Debug */,
				D9C88FD31EB9DEB4000C9E5D /* Release */,
			);
			defaultConfigurationIsVisible = 0;
		};
/* End XCConfigurationList section */
	};
	rootObject = D9C88F9B1EB9DEB4000C9E5D /* Project object */;
}
